// !$*UTF8*$!
{
	archiveVersion = 1;
	classes = {
	};
	objectVersion = 46;
	objects = {

/* Begin PBXBuildFile section */
		A650DA8F1545BE34002F2EC4 /* PEWLargePlaceCell.m in Sources */ = {isa = PBXBuildFile; fileRef = A650DA8E1545BE34002F2EC4 /* PEWLargePlaceCell.m */; };
		A67BC39F1545D119003F8661 /* icon.png in Resources */ = {isa = PBXBuildFile; fileRef = A67BC39D1545D119003F8661 /* icon.png */; };
		A67BC3A01545D119003F8661 /* icon@2x.png in Resources */ = {isa = PBXBuildFile; fileRef = A67BC39E1545D119003F8661 /* icon@2x.png */; };
		A67BC3A31545D914003F8661 /* PEWTapCell.m in Sources */ = {isa = PBXBuildFile; fileRef = A67BC3A21545D914003F8661 /* PEWTapCell.m */; };
		A68403DC1545B3E0006709B4 /* PEWImageCache.m in Sources */ = {isa = PBXBuildFile; fileRef = A68403DB1545B3DF006709B4 /* PEWImageCache.m */; };
		A68403DF1545B7D7006709B4 /* PEWPlaceCell.m in Sources */ = {isa = PBXBuildFile; fileRef = A68403DE1545B7D7006709B4 /* PEWPlaceCell.m */; };
		A6C6CAF61540906D0059ACE8 /* PEWCitiesTableViewController.m in Sources */ = {isa = PBXBuildFile; fileRef = A6C6CAF51540906D0059ACE8 /* PEWCitiesTableViewController.m */; };
		A6C6CAF91540965C0059ACE8 /* PEWTap.m in Sources */ = {isa = PBXBuildFile; fileRef = A6C6CAF81540965C0059ACE8 /* PEWTap.m */; };
		A6C6CAFC15409B7E0059ACE8 /* PEWPlaceViewControler.m in Sources */ = {isa = PBXBuildFile; fileRef = A6C6CAFB15409B7E0059ACE8 /* PEWPlaceViewControler.m */; };
		A6D295C1153600A70099FD6C /* UIKit.framework in Frameworks */ = {isa = PBXBuildFile; fileRef = A6D295C0153600A70099FD6C /* UIKit.framework */; };
		A6D295C3153600A70099FD6C /* Foundation.framework in Frameworks */ = {isa = PBXBuildFile; fileRef = A6D295C2153600A70099FD6C /* Foundation.framework */; };
		A6D295C5153600A70099FD6C /* CoreGraphics.framework in Frameworks */ = {isa = PBXBuildFile; fileRef = A6D295C4153600A70099FD6C /* CoreGraphics.framework */; };
		A6D295CB153600A70099FD6C /* InfoPlist.strings in Resources */ = {isa = PBXBuildFile; fileRef = A6D295C9153600A70099FD6C /* InfoPlist.strings */; };
		A6D295CD153600A70099FD6C /* main.m in Sources */ = {isa = PBXBuildFile; fileRef = A6D295CC153600A70099FD6C /* main.m */; };
		A6D295D1153600A70099FD6C /* PEWAppDelegate.m in Sources */ = {isa = PBXBuildFile; fileRef = A6D295D0153600A70099FD6C /* PEWAppDelegate.m */; };
		A6D295D4153600A70099FD6C /* PEWPlacesTableViewController.m in Sources */ = {isa = PBXBuildFile; fileRef = A6D295D3153600A70099FD6C /* PEWPlacesTableViewController.m */; };
		A6D295D6153600A70099FD6C /* first.png in Resources */ = {isa = PBXBuildFile; fileRef = A6D295D5153600A70099FD6C /* first.png */; };
		A6D295D8153600A70099FD6C /* first@2x.png in Resources */ = {isa = PBXBuildFile; fileRef = A6D295D7153600A70099FD6C /* first@2x.png */; };
		A6D295F0153604570099FD6C /* PEWPlace.m in Sources */ = {isa = PBXBuildFile; fileRef = A6D295EF153604570099FD6C /* PEWPlace.m */; };
		A6D295F21536050F0099FD6C /* CoreLocation.framework in Frameworks */ = {isa = PBXBuildFile; fileRef = A6D295F11536050F0099FD6C /* CoreLocation.framework */; };
		A6D295F515360C140099FD6C /* Localizable.strings in Resources */ = {isa = PBXBuildFile; fileRef = A6D295F715360C140099FD6C /* Localizable.strings */; };
		A6D295FB15360C8E0099FD6C /* NSJSONSerialization+PEWFatkoll.m in Sources */ = {isa = PBXBuildFile; fileRef = A6D295FA15360C8E0099FD6C /* NSJSONSerialization+PEWFatkoll.m */; };
		A6D295FD15360DA60099FD6C /* README in Resources */ = {isa = PBXBuildFile; fileRef = A6D295FC15360DA60099FD6C /* README */; };
		A6D2960015360FA60099FD6C /* PEWCity.m in Sources */ = {isa = PBXBuildFile; fileRef = A6D295FF15360FA60099FD6C /* PEWCity.m */; };
/* End PBXBuildFile section */

/* Begin PBXFileReference section */
		A650DA8D1545BE34002F2EC4 /* PEWLargePlaceCell.h */ = {isa = PBXFileReference; fileEncoding = 4; lastKnownFileType = sourcecode.c.h; path = PEWLargePlaceCell.h; sourceTree = "<group>"; };
		A650DA8E1545BE34002F2EC4 /* PEWLargePlaceCell.m */ = {isa = PBXFileReference; fileEncoding = 4; lastKnownFileType = sourcecode.c.objc; path = PEWLargePlaceCell.m; sourceTree = "<group>"; };
		A67BC39D1545D119003F8661 /* icon.png */ = {isa = PBXFileReference; lastKnownFileType = image.png; path = icon.png; sourceTree = "<group>"; };
		A67BC39E1545D119003F8661 /* icon@2x.png */ = {isa = PBXFileReference; lastKnownFileType = image.png; path = "icon@2x.png"; sourceTree = "<group>"; };
		A67BC3A11545D914003F8661 /* PEWTapCell.h */ = {isa = PBXFileReference; fileEncoding = 4; lastKnownFileType = sourcecode.c.h; path = PEWTapCell.h; sourceTree = "<group>"; };
		A67BC3A21545D914003F8661 /* PEWTapCell.m */ = {isa = PBXFileReference; fileEncoding = 4; lastKnownFileType = sourcecode.c.objc; path = PEWTapCell.m; sourceTree = "<group>"; };
		A68403D81545B2E2006709B4 /* PEWTypes.h */ = {isa = PBXFileReference; lastKnownFileType = sourcecode.c.h; path = PEWTypes.h; sourceTree = "<group>"; };
		A68403DA1545B3DF006709B4 /* PEWImageCache.h */ = {isa = PBXFileReference; fileEncoding = 4; lastKnownFileType = sourcecode.c.h; path = PEWImageCache.h; sourceTree = "<group>"; };
		A68403DB1545B3DF006709B4 /* PEWImageCache.m */ = {isa = PBXFileReference; fileEncoding = 4; lastKnownFileType = sourcecode.c.objc; path = PEWImageCache.m; sourceTree = "<group>"; };
		A68403DD1545B7D7006709B4 /* PEWPlaceCell.h */ = {isa = PBXFileReference; fileEncoding = 4; lastKnownFileType = sourcecode.c.h; path = PEWPlaceCell.h; sourceTree = "<group>"; };
		A68403DE1545B7D7006709B4 /* PEWPlaceCell.m */ = {isa = PBXFileReference; fileEncoding = 4; lastKnownFileType = sourcecode.c.objc; path = PEWPlaceCell.m; sourceTree = "<group>"; };
		A6C6CAF41540906D0059ACE8 /* PEWCitiesTableViewController.h */ = {isa = PBXFileReference; fileEncoding = 4; lastKnownFileType = sourcecode.c.h; path = PEWCitiesTableViewController.h; sourceTree = "<group>"; };
		A6C6CAF51540906D0059ACE8 /* PEWCitiesTableViewController.m */ = {isa = PBXFileReference; fileEncoding = 4; lastKnownFileType = sourcecode.c.objc; path = PEWCitiesTableViewController.m; sourceTree = "<group>"; };
		A6C6CAF71540965C0059ACE8 /* PEWTap.h */ = {isa = PBXFileReference; fileEncoding = 4; lastKnownFileType = sourcecode.c.h; path = PEWTap.h; sourceTree = "<group>"; };
		A6C6CAF81540965C0059ACE8 /* PEWTap.m */ = {isa = PBXFileReference; fileEncoding = 4; lastKnownFileType = sourcecode.c.objc; path = PEWTap.m; sourceTree = "<group>"; };
		A6C6CAFA15409B7E0059ACE8 /* PEWPlaceViewControler.h */ = {isa = PBXFileReference; fileEncoding = 4; lastKnownFileType = sourcecode.c.h; path = PEWPlaceViewControler.h; sourceTree = "<group>"; };
		A6C6CAFB15409B7E0059ACE8 /* PEWPlaceViewControler.m */ = {isa = PBXFileReference; fileEncoding = 4; lastKnownFileType = sourcecode.c.objc; path = PEWPlaceViewControler.m; sourceTree = "<group>"; };
		A6D295BC153600A70099FD6C /* Fatkoll.app */ = {isa = PBXFileReference; explicitFileType = wrapper.application; includeInIndex = 0; path = Fatkoll.app; sourceTree = BUILT_PRODUCTS_DIR; };
		A6D295C0153600A70099FD6C /* UIKit.framework */ = {isa = PBXFileReference; lastKnownFileType = wrapper.framework; name = UIKit.framework; path = System/Library/Frameworks/UIKit.framework; sourceTree = SDKROOT; };
		A6D295C2153600A70099FD6C /* Foundation.framework */ = {isa = PBXFileReference; lastKnownFileType = wrapper.framework; name = Foundation.framework; path = System/Library/Frameworks/Foundation.framework; sourceTree = SDKROOT; };
		A6D295C4153600A70099FD6C /* CoreGraphics.framework */ = {isa = PBXFileReference; lastKnownFileType = wrapper.framework; name = CoreGraphics.framework; path = System/Library/Frameworks/CoreGraphics.framework; sourceTree = SDKROOT; };
		A6D295C8153600A70099FD6C /* Fatkoll-Info.plist */ = {isa = PBXFileReference; lastKnownFileType = text.plist.xml; path = "Fatkoll-Info.plist"; sourceTree = "<group>"; };
		A6D295CA153600A70099FD6C /* en */ = {isa = PBXFileReference; lastKnownFileType = text.plist.strings; name = en; path = en.lproj/InfoPlist.strings; sourceTree = "<group>"; };
		A6D295CC153600A70099FD6C /* main.m */ = {isa = PBXFileReference; lastKnownFileType = sourcecode.c.objc; path = main.m; sourceTree = "<group>"; };
		A6D295CE153600A70099FD6C /* Fatkoll-Prefix.pch */ = {isa = PBXFileReference; lastKnownFileType = sourcecode.c.h; path = "Fatkoll-Prefix.pch"; sourceTree = "<group>"; };
		A6D295CF153600A70099FD6C /* PEWAppDelegate.h */ = {isa = PBXFileReference; lastKnownFileType = sourcecode.c.h; path = PEWAppDelegate.h; sourceTree = "<group>"; };
		A6D295D0153600A70099FD6C /* PEWAppDelegate.m */ = {isa = PBXFileReference; lastKnownFileType = sourcecode.c.objc; path = PEWAppDelegate.m; sourceTree = "<group>"; };
		A6D295D2153600A70099FD6C /* PEWPlacesTableViewController.h */ = {isa = PBXFileReference; lastKnownFileType = sourcecode.c.h; path = PEWPlacesTableViewController.h; sourceTree = "<group>"; };
		A6D295D3153600A70099FD6C /* PEWPlacesTableViewController.m */ = {isa = PBXFileReference; lastKnownFileType = sourcecode.c.objc; path = PEWPlacesTableViewController.m; sourceTree = "<group>"; };
		A6D295D5153600A70099FD6C /* first.png */ = {isa = PBXFileReference; lastKnownFileType = image.png; path = first.png; sourceTree = "<group>"; };
		A6D295D7153600A70099FD6C /* first@2x.png */ = {isa = PBXFileReference; lastKnownFileType = image.png; path = "first@2x.png"; sourceTree = "<group>"; };
		A6D295EE153604570099FD6C /* PEWPlace.h */ = {isa = PBXFileReference; fileEncoding = 4; lastKnownFileType = sourcecode.c.h; path = PEWPlace.h; sourceTree = "<group>"; };
		A6D295EF153604570099FD6C /* PEWPlace.m */ = {isa = PBXFileReference; fileEncoding = 4; lastKnownFileType = sourcecode.c.objc; path = PEWPlace.m; sourceTree = "<group>"; };
		A6D295F11536050F0099FD6C /* CoreLocation.framework */ = {isa = PBXFileReference; lastKnownFileType = wrapper.framework; name = CoreLocation.framework; path = System/Library/Frameworks/CoreLocation.framework; sourceTree = SDKROOT; };
		A6D295F615360C140099FD6C /* en */ = {isa = PBXFileReference; lastKnownFileType = text.plist.strings; name = en; path = en.lproj/Localizable.strings; sourceTree = "<group>"; };
		A6D295F815360C220099FD6C /* sv-SE */ = {isa = PBXFileReference; lastKnownFileType = text.plist.strings; name = "sv-SE"; path = "sv-SE.lproj/Localizable.strings"; sourceTree = "<group>"; };
		A6D295F915360C8E0099FD6C /* NSJSONSerialization+PEWFatkoll.h */ = {isa = PBXFileReference; fileEncoding = 4; lastKnownFileType = sourcecode.c.h; path = "NSJSONSerialization+PEWFatkoll.h"; sourceTree = "<group>"; };
		A6D295FA15360C8E0099FD6C /* NSJSONSerialization+PEWFatkoll.m */ = {isa = PBXFileReference; fileEncoding = 4; lastKnownFileType = sourcecode.c.objc; path = "NSJSONSerialization+PEWFatkoll.m"; sourceTree = "<group>"; };
		A6D295FC15360DA60099FD6C /* README */ = {isa = PBXFileReference; fileEncoding = 4; lastKnownFileType = text; path = README; sourceTree = "<group>"; };
		A6D295FE15360FA60099FD6C /* PEWCity.h */ = {isa = PBXFileReference; fileEncoding = 4; lastKnownFileType = sourcecode.c.h; path = PEWCity.h; sourceTree = "<group>"; };
		A6D295FF15360FA60099FD6C /* PEWCity.m */ = {isa = PBXFileReference; fileEncoding = 4; lastKnownFileType = sourcecode.c.objc; path = PEWCity.m; sourceTree = "<group>"; };
/* End PBXFileReference section */

/* Begin PBXFrameworksBuildPhase section */
		A6D295B9153600A60099FD6C /* Frameworks */ = {
			isa = PBXFrameworksBuildPhase;
			buildActionMask = 2147483647;
			files = (
				A6D295F21536050F0099FD6C /* CoreLocation.framework in Frameworks */,
				A6D295C1153600A70099FD6C /* UIKit.framework in Frameworks */,
				A6D295C3153600A70099FD6C /* Foundation.framework in Frameworks */,
				A6D295C5153600A70099FD6C /* CoreGraphics.framework in Frameworks */,
			);
			runOnlyForDeploymentPostprocessing = 0;
		};
/* End PBXFrameworksBuildPhase section */

/* Begin PBXGroup section */
		A6D295B1153600A60099FD6C = {
			isa = PBXGroup;
			children = (
				A6D295FC15360DA60099FD6C /* README */,
				A6D295C6153600A70099FD6C /* Fatkoll */,
				A6D295BF153600A70099FD6C /* Frameworks */,
				A6D295BD153600A70099FD6C /* Products */,
			);
			sourceTree = "<group>";
		};
		A6D295BD153600A70099FD6C /* Products */ = {
			isa = PBXGroup;
			children = (
				A6D295BC153600A70099FD6C /* Fatkoll.app */,
			);
			name = Products;
			sourceTree = "<group>";
		};
		A6D295BF153600A70099FD6C /* Frameworks */ = {
			isa = PBXGroup;
			children = (
				A6D295F11536050F0099FD6C /* CoreLocation.framework */,
				A6D295C0153600A70099FD6C /* UIKit.framework */,
				A6D295C2153600A70099FD6C /* Foundation.framework */,
				A6D295C4153600A70099FD6C /* CoreGraphics.framework */,
			);
			name = Frameworks;
			sourceTree = "<group>";
		};
		A6D295C6153600A70099FD6C /* Fatkoll */ = {
			isa = PBXGroup;
			children = (
				A6D295EB153600E60099FD6C /* Model */,
				A6D295ED153600F40099FD6C /* View */,
				A6D295EC153600EC0099FD6C /* Controller */,
				A6D295CF153600A70099FD6C /* PEWAppDelegate.h */,
				A6D295D0153600A70099FD6C /* PEWAppDelegate.m */,
				A6D295D5153600A70099FD6C /* first.png */,
				A6D295D7153600A70099FD6C /* first@2x.png */,
				A6D295C7153600A70099FD6C /* Supporting Files */,
			);
			path = Fatkoll;
			sourceTree = "<group>";
		};
		A6D295C7153600A70099FD6C /* Supporting Files */ = {
			isa = PBXGroup;
			children = (
				A6D295C8153600A70099FD6C /* Fatkoll-Info.plist */,
				A6D295C9153600A70099FD6C /* InfoPlist.strings */,
				A6D295CC153600A70099FD6C /* main.m */,
				A6D295CE153600A70099FD6C /* Fatkoll-Prefix.pch */,
				A67BC39D1545D119003F8661 /* icon.png */,
				A67BC39E1545D119003F8661 /* icon@2x.png */,
				A6D295F715360C140099FD6C /* Localizable.strings */,
			);
			name = "Supporting Files";
			sourceTree = "<group>";
		};
		A6D295EB153600E60099FD6C /* Model */ = {
			isa = PBXGroup;
			children = (
				A6D295F915360C8E0099FD6C /* NSJSONSerialization+PEWFatkoll.h */,
				A6D295FA15360C8E0099FD6C /* NSJSONSerialization+PEWFatkoll.m */,
				A68403D81545B2E2006709B4 /* PEWTypes.h */,
				A6D295FE15360FA60099FD6C /* PEWCity.h */,
				A6D295FF15360FA60099FD6C /* PEWCity.m */,
				A6D295EE153604570099FD6C /* PEWPlace.h */,
				A6D295EF153604570099FD6C /* PEWPlace.m */,
				A6C6CAF71540965C0059ACE8 /* PEWTap.h */,
				A6C6CAF81540965C0059ACE8 /* PEWTap.m */,
				A68403DA1545B3DF006709B4 /* PEWImageCache.h */,
				A68403DB1545B3DF006709B4 /* PEWImageCache.m */,
			);
			name = Model;
			sourceTree = "<group>";
		};
		A6D295EC153600EC0099FD6C /* Controller */ = {
			isa = PBXGroup;
			children = (
				A6D295D2153600A70099FD6C /* PEWPlacesTableViewController.h */,
				A6D295D3153600A70099FD6C /* PEWPlacesTableViewController.m */,
				A6C6CAF41540906D0059ACE8 /* PEWCitiesTableViewController.h */,
				A6C6CAF51540906D0059ACE8 /* PEWCitiesTableViewController.m */,
				A6C6CAFA15409B7E0059ACE8 /* PEWPlaceViewControler.h */,
				A6C6CAFB15409B7E0059ACE8 /* PEWPlaceViewControler.m */,
			);
			name = Controller;
			sourceTree = "<group>";
		};
		A6D295ED153600F40099FD6C /* View */ = {
			isa = PBXGroup;
			children = (
				A68403DD1545B7D7006709B4 /* PEWPlaceCell.h */,
				A68403DE1545B7D7006709B4 /* PEWPlaceCell.m */,
				A650DA8D1545BE34002F2EC4 /* PEWLargePlaceCell.h */,
				A650DA8E1545BE34002F2EC4 /* PEWLargePlaceCell.m */,
				A67BC3A11545D914003F8661 /* PEWTapCell.h */,
				A67BC3A21545D914003F8661 /* PEWTapCell.m */,
			);
			name = View;
			sourceTree = "<group>";
		};
/* End PBXGroup section */

/* Begin PBXNativeTarget section */
		A6D295BB153600A60099FD6C /* Fatkoll */ = {
			isa = PBXNativeTarget;
			buildConfigurationList = A6D295E8153600A70099FD6C /* Build configuration list for PBXNativeTarget "Fatkoll" */;
			buildPhases = (
				A6D295B8153600A60099FD6C /* Sources */,
				A6D295B9153600A60099FD6C /* Frameworks */,
				A6D295BA153600A60099FD6C /* Resources */,
			);
			buildRules = (
			);
			dependencies = (
			);
			name = Fatkoll;
			productName = Fatkoll;
			productReference = A6D295BC153600A70099FD6C /* Fatkoll.app */;
			productType = "com.apple.product-type.application";
		};
/* End PBXNativeTarget section */

/* Begin PBXProject section */
		A6D295B3153600A60099FD6C /* Project object */ = {
			isa = PBXProject;
			attributes = {
				CLASSPREFIX = PEW;
				LastUpgradeCheck = 0430;
			};
			buildConfigurationList = A6D295B6153600A60099FD6C /* Build configuration list for PBXProject "Fatkoll" */;
			compatibilityVersion = "Xcode 3.2";
			developmentRegion = English;
			hasScannedForEncodings = 0;
			knownRegions = (
				en,
				"sv-SE",
			);
			mainGroup = A6D295B1153600A60099FD6C;
			productRefGroup = A6D295BD153600A70099FD6C /* Products */;
			projectDirPath = "";
			projectRoot = "";
			targets = (
				A6D295BB153600A60099FD6C /* Fatkoll */,
			);
		};
/* End PBXProject section */

/* Begin PBXResourcesBuildPhase section */
		A6D295BA153600A60099FD6C /* Resources */ = {
			isa = PBXResourcesBuildPhase;
			buildActionMask = 2147483647;
			files = (
				A6D295CB153600A70099FD6C /* InfoPlist.strings in Resources */,
				A6D295D6153600A70099FD6C /* first.png in Resources */,
				A6D295D8153600A70099FD6C /* first@2x.png in Resources */,
				A6D295F515360C140099FD6C /* Localizable.strings in Resources */,
				A6D295FD15360DA60099FD6C /* README in Resources */,
				A67BC39F1545D119003F8661 /* icon.png in Resources */,
				A67BC3A01545D119003F8661 /* icon@2x.png in Resources */,
			);
			runOnlyForDeploymentPostprocessing = 0;
		};
/* End PBXResourcesBuildPhase section */

/* Begin PBXSourcesBuildPhase section */
		A6D295B8153600A60099FD6C /* Sources */ = {
			isa = PBXSourcesBuildPhase;
			buildActionMask = 2147483647;
			files = (
				A6D295CD153600A70099FD6C /* main.m in Sources */,
				A6D295D1153600A70099FD6C /* PEWAppDelegate.m in Sources */,
				A6D295D4153600A70099FD6C /* PEWPlacesTableViewController.m in Sources */,
				A6D295F0153604570099FD6C /* PEWPlace.m in Sources */,
				A6D295FB15360C8E0099FD6C /* NSJSONSerialization+PEWFatkoll.m in Sources */,
				A6D2960015360FA60099FD6C /* PEWCity.m in Sources */,
				A6C6CAF61540906D0059ACE8 /* PEWCitiesTableViewController.m in Sources */,
				A6C6CAF91540965C0059ACE8 /* PEWTap.m in Sources */,
				A6C6CAFC15409B7E0059ACE8 /* PEWPlaceViewControler.m in Sources */,
				A68403DC1545B3E0006709B4 /* PEWImageCache.m in Sources */,
				A68403DF1545B7D7006709B4 /* PEWPlaceCell.m in Sources */,
				A650DA8F1545BE34002F2EC4 /* PEWLargePlaceCell.m in Sources */,
				A67BC3A31545D914003F8661 /* PEWTapCell.m in Sources */,
			);
			runOnlyForDeploymentPostprocessing = 0;
		};
/* End PBXSourcesBuildPhase section */

/* Begin PBXVariantGroup section */
		A6D295C9153600A70099FD6C /* InfoPlist.strings */ = {
			isa = PBXVariantGroup;
			children = (
				A6D295CA153600A70099FD6C /* en */,
			);
			name = InfoPlist.strings;
			sourceTree = "<group>";
		};
		A6D295F715360C140099FD6C /* Localizable.strings */ = {
			isa = PBXVariantGroup;
			children = (
				A6D295F615360C140099FD6C /* en */,
				A6D295F815360C220099FD6C /* sv-SE */,
			);
			name = Localizable.strings;
			sourceTree = "<group>";
		};
/* End PBXVariantGroup section */

/* Begin XCBuildConfiguration section */
		A6D295E6153600A70099FD6C /* Debug */ = {
			isa = XCBuildConfiguration;
			buildSettings = {
				ALWAYS_SEARCH_USER_PATHS = NO;
				ARCHS = "$(ARCHS_STANDARD_32_BIT)";
				CLANG_ENABLE_OBJC_ARC = YES;
				"CODE_SIGN_IDENTITY[sdk=iphoneos*]" = "iPhone Developer";
				COPY_PHASE_STRIP = NO;
				GCC_C_LANGUAGE_STANDARD = gnu99;
				GCC_DYNAMIC_NO_PIC = NO;
				GCC_OPTIMIZATION_LEVEL = 0;
				GCC_PREPROCESSOR_DEFINITIONS = (
					"DEBUG=1",
					"$(inherited)",
				);
				GCC_SYMBOLS_PRIVATE_EXTERN = NO;
				GCC_VERSION = com.apple.compilers.llvm.clang.1_0;
				GCC_WARN_ABOUT_RETURN_TYPE = YES;
				GCC_WARN_UNINITIALIZED_AUTOS = YES;
				GCC_WARN_UNUSED_VARIABLE = YES;
				IPHONEOS_DEPLOYMENT_TARGET = 5.1;
				SDKROOT = iphoneos;
			};
			name = Debug;
		};
		A6D295E7153600A70099FD6C /* Release */ = {
			isa = XCBuildConfiguration;
			buildSettings = {
				ALWAYS_SEARCH_USER_PATHS = NO;
				ARCHS = "$(ARCHS_STANDARD_32_BIT)";
				CLANG_ENABLE_OBJC_ARC = YES;
				"CODE_SIGN_IDENTITY[sdk=iphoneos*]" = "iPhone Developer";
				COPY_PHASE_STRIP = YES;
				GCC_C_LANGUAGE_STANDARD = gnu99;
				GCC_VERSION = com.apple.compilers.llvm.clang.1_0;
				GCC_WARN_ABOUT_RETURN_TYPE = YES;
				GCC_WARN_UNINITIALIZED_AUTOS = YES;
				GCC_WARN_UNUSED_VARIABLE = YES;
				IPHONEOS_DEPLOYMENT_TARGET = 5.1;
				OTHER_CFLAGS = "-DNS_BLOCK_ASSERTIONS=1";
				SDKROOT = iphoneos;
				VALIDATE_PRODUCT = YES;
			};
			name = Release;
		};
		A6D295E9153600A70099FD6C /* Debug */ = {
			isa = XCBuildConfiguration;
			buildSettings = {
				GCC_PRECOMPILE_PREFIX_HEADER = YES;
				GCC_PREFIX_HEADER = "Fatkoll/Fatkoll-Prefix.pch";
				INFOPLIST_FILE = "Fatkoll/Fatkoll-Info.plist";
				IPHONEOS_DEPLOYMENT_TARGET = 5.0;
				PRODUCT_NAME = "$(TARGET_NAME)";
				WRAPPER_EXTENSION = app;
			};
			name = Debug;
		};
		A6D295EA153600A70099FD6C /* Release */ = {
			isa = XCBuildConfiguration;
			buildSettings = {
				"CODE_SIGN_IDENTITY[sdk=iphoneos*]" = "iPhone Distribution";
				GCC_PRECOMPILE_PREFIX_HEADER = YES;
				GCC_PREFIX_HEADER = "Fatkoll/Fatkoll-Prefix.pch";
				INFOPLIST_FILE = "Fatkoll/Fatkoll-Info.plist";
				IPHONEOS_DEPLOYMENT_TARGET = 5.0;
				PRODUCT_NAME = "$(TARGET_NAME)";
				"PROVISIONING_PROFILE[sdk=iphoneos*]" = "";
				WRAPPER_EXTENSION = app;
			};
			name = Release;
		};
/* End XCBuildConfiguration section */

/* Begin XCConfigurationList section */
		A6D295B6153600A60099FD6C /* Build configuration list for PBXProject "Fatkoll" */ = {
			isa = XCConfigurationList;
			buildConfigurations = (
				A6D295E6153600A70099FD6C /* Debug */,
				A6D295E7153600A70099FD6C /* Release */,
			);
			defaultConfigurationIsVisible = 0;
			defaultConfigurationName = Release;
		};
		A6D295E8153600A70099FD6C /* Build configuration list for PBXNativeTarget "Fatkoll" */ = {
			isa = XCConfigurationList;
			buildConfigurations = (
				A6D295E9153600A70099FD6C /* Debug */,
				A6D295EA153600A70099FD6C /* Release */,
			);
			defaultConfigurationIsVisible = 0;
			defaultConfigurationName = Release;
		};
/* End XCConfigurationList section */
	};
	rootObject = A6D295B3153600A60099FD6C /* Project object */;
}
